// !$*UTF8*$!
{
	archiveVersion = 1;
	classes = {
	};
	objectVersion = 46;
	objects = {

/* Begin PBXFileReference section */
		84EF6081147BC4100009F73E /* AppledocBuild.sh */ = {isa = PBXFileReference; lastKnownFileType = text.script.sh; path = AppledocBuild.sh; sourceTree = "<group>"; };
		84EF6082147BC4100009F73E /* AppledocDemo.sh */ = {isa = PBXFileReference; lastKnownFileType = text.script.sh; path = AppledocDemo.sh; sourceTree = "<group>"; };
		84EF6083147BC4100009F73E /* AppledocNil.xcconfig */ = {isa = PBXFileReference; lastKnownFileType = text.xcconfig; path = AppledocNil.xcconfig; sourceTree = "<group>"; };
		84EF6084147BC6F40009F73E /* Readme.markdown */ = {isa = PBXFileReference; path = Readme.markdown; sourceTree = "<group>"; };
/* End PBXFileReference section */

/* Begin PBXGroup section */
		84EF6078147BC3B10009F73E = {
			isa = PBXGroup;
			children = (
				84EF6084147BC6F40009F73E /* Readme.markdown */,
				84EF6081147BC4100009F73E /* AppledocBuild.sh */,
				84EF6082147BC4100009F73E /* AppledocDemo.sh */,
				84EF6083147BC4100009F73E /* AppledocNil.xcconfig */,
			);
			sourceTree = "<group>";
		};
/* End PBXGroup section */

/* Begin PBXProject section */
		84EF607A147BC3B10009F73E /* Project object */ = {
			isa = PBXProject;
			attributes = {
				LastUpgradeCheck = 0420;
				ORGANIZATIONNAME = "The Interface Works";
			};
			buildConfigurationList = 84EF607D147BC3B10009F73E /* Build configuration list for PBXProject "appledocBuildScript" */;
			compatibilityVersion = "Xcode 3.2";
			developmentRegion = English;
			hasScannedForEncodings = 0;
			knownRegions = (
				en,
			);
			mainGroup = 84EF6078147BC3B10009F73E;
			projectDirPath = "";
			projectRoot = "";
			targets = (
			);
		};
/* End PBXProject section */

/* Begin XCBuildConfiguration section */
		84EF607F147BC3B10009F73E /* Debug */ = {
			isa = XCBuildConfiguration;
			buildSettings = {
			};
			name = Debug;
		};
		84EF6080147BC3B10009F73E /* Release */ = {
			isa = XCBuildConfiguration;
			buildSettings = {
			};
			name = Release;
		};
/* End XCBuildConfiguration section */

/* Begin XCConfigurationList section */
		84EF607D147BC3B10009F73E /* Build configuration list for PBXProject "appledocBuildScript" */ = {
			isa = XCConfigurationList;
			buildConfigurations = (
				84EF607F147BC3B10009F73E /* Debug */,
				84EF6080147BC3B10009F73E /* Release */,
			);
			defaultConfigurationIsVisible = 0;
			defaultConfigurationName = Release;
		};
/* End XCConfigurationList section */
	};
	rootObject = 84EF607A147BC3B10009F73E /* Project object */;
}
